
Microsoft Visual Studio Solution File, Format Version 12.00
# Visual Studio 15
VisualStudioVersion = 15.0.27703.2000
MinimumVisualStudioVersion = 10.0.40219.1
Project("{FAE04EC0-301F-11D3-BF4B-00C04F79EFBC}") = "ChoiceBot", "ChoiceBot\ChoiceBot.csproj", "{222E45C0-6324-4899-9EF9-938CC2F64C93}"
EndProject
Global
	GlobalSection(SolutionConfigurationPlatforms) = preSolution
		Debug|Any CPU = Debug|Any CPU
		Release|Any CPU = Release|Any CPU
	EndGlobalSection
	GlobalSection(ProjectConfigurationPlatforms) = postSolution
		{222E45C0-6324-4899-9EF9-938CC2F64C93}.Debug|Any CPU.ActiveCfg = Debug|Any CPU
		{222E45C0-6324-4899-9EF9-938CC2F64C93}.Debug|Any CPU.Build.0 = Debug|Any CPU
		{222E45C0-6324-4899-9EF9-938CC2F64C93}.Release|Any CPU.ActiveCfg = Release|Any CPU
		{222E45C0-6324-4899-9EF9-938CC2F64C93}.Release|Any CPU.Build.0 = Release|Any CPU
	EndGlobalSection
	GlobalSection(SolutionProperties) = preSolution
		HideSolutionNode = FALSE
	EndGlobalSection
	GlobalSection(ExtensibilityGlobals) = postSolution
		SolutionGuid = {887B7FCE-8BE7-4035-B534-DE2048879345}
	EndGlobalSection
EndGlobal
